
Microsoft Visual Studio Solution File, Format Version 12.00
# Visual Studio 15
VisualStudioVersion = 15.0.27428.2002
MinimumVisualStudioVersion = 10.0.40219.1
Project("{FAE04EC0-301F-11D3-BF4B-00C04F79EFBC}") = "ACLKTest", "ACLKTest\ACLKTest.csproj", "{95D0343F-768E-44AC-90C3-C71EEC9BF1DD}"
EndProject
Global
	GlobalSection(SolutionConfigurationPlatforms) = preSolution
		Debug|Any CPU = Debug|Any CPU
		Release|Any CPU = Release|Any CPU
	EndGlobalSection
	GlobalSection(ProjectConfigurationPlatforms) = postSolution
		{95D0343F-768E-44AC-90C3-C71EEC9BF1DD}.Debug|Any CPU.ActiveCfg = Debug|Any CPU
		{95D0343F-768E-44AC-90C3-C71EEC9BF1DD}.Debug|Any CPU.Build.0 = Debug|Any CPU
		{95D0343F-768E-44AC-90C3-C71EEC9BF1DD}.Release|Any CPU.ActiveCfg = Release|Any CPU
		{95D0343F-768E-44AC-90C3-C71EEC9BF1DD}.Release|Any CPU.Build.0 = Release|Any CPU
	EndGlobalSection
	GlobalSection(SolutionProperties) = preSolution
		HideSolutionNode = FALSE
	EndGlobalSection
	GlobalSection(ExtensibilityGlobals) = postSolution
		SolutionGuid = {68AEE40D-73FC-4817-B2A5-48B635471ACE}
	EndGlobalSection
EndGlobal
